
Microsoft Visual Studio Solution File, Format Version 12.00
# Visual Studio Version 16
VisualStudioVersion = 16.0.31112.23
MinimumVisualStudioVersion = 10.0.40219.1
Project("{9A19103F-16F7-4668-BE54-9A1E7A4F7556}") = "ChatboxApi", "ChatboxApi.csproj", "{B11EA125-1D39-4DED-8A1B-F2394A3C66E2}"
EndProject
Project("{2150E333-8FDC-42A3-9474-1A3956D46DE8}") = "src", "src", "{E73E1B1D-1463-46B7-89F7-58EB81FFC8E3}"
EndProject
Global
	GlobalSection(SolutionConfigurationPlatforms) = preSolution
		Debug|Any CPU = Debug|Any CPU
		Release|Any CPU = Release|Any CPU
	EndGlobalSection
	GlobalSection(ProjectConfigurationPlatforms) = postSolution
		{B11EA125-1D39-4DED-8A1B-F2394A3C66E2}.Debug|Any CPU.ActiveCfg = Debug|Any CPU
		{B11EA125-1D39-4DED-8A1B-F2394A3C66E2}.Debug|Any CPU.Build.0 = Debug|Any CPU
		{B11EA125-1D39-4DED-8A1B-F2394A3C66E2}.Release|Any CPU.ActiveCfg = Release|Any CPU
		{B11EA125-1D39-4DED-8A1B-F2394A3C66E2}.Release|Any CPU.Build.0 = Release|Any CPU
	EndGlobalSection
	GlobalSection(SolutionProperties) = preSolution
		HideSolutionNode = FALSE
	EndGlobalSection
	GlobalSection(NestedProjects) = preSolution
		{B11EA125-1D39-4DED-8A1B-F2394A3C66E2} = {E73E1B1D-1463-46B7-89F7-58EB81FFC8E3}
	EndGlobalSection
	GlobalSection(ExtensibilityGlobals) = postSolution
		SolutionGuid = {B4A6C697-358A-4E54-9D1F-C8FBD847EF0E}
	EndGlobalSection
EndGlobal
